
Microsoft Visual Studio Solution File, Format Version 12.00
Project("{FAE04EC0-301F-11D3-BF4B-00C04F79EFBC}") = "Web", "src\Web\Web.csproj", "{DBA021B7-CFFD-4C6B-BBF9-C6FACFAFA0E5}"
EndProject
Project("{FAE04EC0-301F-11D3-BF4B-00C04F79EFBC}") = "Domain", "src\Domain\Domain.csproj", "{95FCFBD0-A9D1-42F9-BAA0-910F30E11838}"
EndProject
Project("{FAE04EC0-301F-11D3-BF4B-00C04F79EFBC}") = "Application", "src\Application\Application.csproj", "{BF6D8F93-07A3-4F77-B847-98637E0DA8DC}"
EndProject
Project("{FAE04EC0-301F-11D3-BF4B-00C04F79EFBC}") = "Repository", "src\Repository\Repository.csproj", "{41D10502-61E9-4144-B586-AE470D7D8BE5}"
EndProject
Project("{2150E333-8FDC-42A3-9474-1A3956D46DE8}") = "src", "src", "{638F6930-8022-4AE2-A1AE-9480A7C015B3}"
EndProject
Project("{2150E333-8FDC-42A3-9474-1A3956D46DE8}") = "tests", "tests", "{FDD9C93A-26C4-4FCF-A8BB-E650BD47ED8E}"
EndProject
Project("{FAE04EC0-301F-11D3-BF4B-00C04F79EFBC}") = "AdvertisingPlatformsApp.Tests", "AdvertisingPlatformsApp.Tests\AdvertisingPlatformsApp.Tests.csproj", "{AA302175-2BEB-42A7-B0D7-23CB57DFBEA9}"
EndProject
Global
	GlobalSection(SolutionConfigurationPlatforms) = preSolution
		Debug|Any CPU = Debug|Any CPU
		Release|Any CPU = Release|Any CPU
	EndGlobalSection
	GlobalSection(ProjectConfigurationPlatforms) = postSolution
		{DBA021B7-CFFD-4C6B-BBF9-C6FACFAFA0E5}.Debug|Any CPU.ActiveCfg = Debug|Any CPU
		{DBA021B7-CFFD-4C6B-BBF9-C6FACFAFA0E5}.Debug|Any CPU.Build.0 = Debug|Any CPU
		{DBA021B7-CFFD-4C6B-BBF9-C6FACFAFA0E5}.Release|Any CPU.ActiveCfg = Release|Any CPU
		{DBA021B7-CFFD-4C6B-BBF9-C6FACFAFA0E5}.Release|Any CPU.Build.0 = Release|Any CPU
		{95FCFBD0-A9D1-42F9-BAA0-910F30E11838}.Debug|Any CPU.ActiveCfg = Debug|Any CPU
		{95FCFBD0-A9D1-42F9-BAA0-910F30E11838}.Debug|Any CPU.Build.0 = Debug|Any CPU
		{95FCFBD0-A9D1-42F9-BAA0-910F30E11838}.Release|Any CPU.ActiveCfg = Release|Any CPU
		{95FCFBD0-A9D1-42F9-BAA0-910F30E11838}.Release|Any CPU.Build.0 = Release|Any CPU
		{BF6D8F93-07A3-4F77-B847-98637E0DA8DC}.Debug|Any CPU.ActiveCfg = Debug|Any CPU
		{BF6D8F93-07A3-4F77-B847-98637E0DA8DC}.Debug|Any CPU.Build.0 = Debug|Any CPU
		{BF6D8F93-07A3-4F77-B847-98637E0DA8DC}.Release|Any CPU.ActiveCfg = Release|Any CPU
		{BF6D8F93-07A3-4F77-B847-98637E0DA8DC}.Release|Any CPU.Build.0 = Release|Any CPU
		{41D10502-61E9-4144-B586-AE470D7D8BE5}.Debug|Any CPU.ActiveCfg = Debug|Any CPU
		{41D10502-61E9-4144-B586-AE470D7D8BE5}.Debug|Any CPU.Build.0 = Debug|Any CPU
		{41D10502-61E9-4144-B586-AE470D7D8BE5}.Release|Any CPU.ActiveCfg = Release|Any CPU
		{41D10502-61E9-4144-B586-AE470D7D8BE5}.Release|Any CPU.Build.0 = Release|Any CPU
		{AA302175-2BEB-42A7-B0D7-23CB57DFBEA9}.Debug|Any CPU.ActiveCfg = Debug|Any CPU
		{AA302175-2BEB-42A7-B0D7-23CB57DFBEA9}.Debug|Any CPU.Build.0 = Debug|Any CPU
		{AA302175-2BEB-42A7-B0D7-23CB57DFBEA9}.Release|Any CPU.ActiveCfg = Release|Any CPU
		{AA302175-2BEB-42A7-B0D7-23CB57DFBEA9}.Release|Any CPU.Build.0 = Release|Any CPU
	EndGlobalSection
	GlobalSection(NestedProjects) = preSolution
		{BF6D8F93-07A3-4F77-B847-98637E0DA8DC} = {638F6930-8022-4AE2-A1AE-9480A7C015B3}
		{95FCFBD0-A9D1-42F9-BAA0-910F30E11838} = {638F6930-8022-4AE2-A1AE-9480A7C015B3}
		{41D10502-61E9-4144-B586-AE470D7D8BE5} = {638F6930-8022-4AE2-A1AE-9480A7C015B3}
		{DBA021B7-CFFD-4C6B-BBF9-C6FACFAFA0E5} = {638F6930-8022-4AE2-A1AE-9480A7C015B3}
		{AA302175-2BEB-42A7-B0D7-23CB57DFBEA9} = {FDD9C93A-26C4-4FCF-A8BB-E650BD47ED8E}
	EndGlobalSection
EndGlobal
